
Microsoft Visual Studio Solution File, Format Version 12.00
# Visual Studio 15
VisualStudioVersion = 15.0.26730.16
MinimumVisualStudioVersion = 10.0.40219.1
Project("{FAE04EC0-301F-11D3-BF4B-00C04F79EFBC}") = "HealthApp", "HealthApp\HealthApp.csproj", "{59590FD7-E5DA-4BE5-AA66-E127475BB7A7}"
EndProject
Global
	GlobalSection(SolutionConfigurationPlatforms) = preSolution
		Debug|Any CPU = Debug|Any CPU
		Release|Any CPU = Release|Any CPU
	EndGlobalSection
	GlobalSection(ProjectConfigurationPlatforms) = postSolution
		{59590FD7-E5DA-4BE5-AA66-E127475BB7A7}.Debug|Any CPU.ActiveCfg = Debug|Any CPU
		{59590FD7-E5DA-4BE5-AA66-E127475BB7A7}.Debug|Any CPU.Build.0 = Debug|Any CPU
		{59590FD7-E5DA-4BE5-AA66-E127475BB7A7}.Debug|Any CPU.Deploy.0 = Debug|Any CPU
		{59590FD7-E5DA-4BE5-AA66-E127475BB7A7}.Release|Any CPU.ActiveCfg = Release|Any CPU
		{59590FD7-E5DA-4BE5-AA66-E127475BB7A7}.Release|Any CPU.Build.0 = Release|Any CPU
		{59590FD7-E5DA-4BE5-AA66-E127475BB7A7}.Release|Any CPU.Deploy.0 = Release|Any CPU
	EndGlobalSection
	GlobalSection(SolutionProperties) = preSolution
		HideSolutionNode = FALSE
	EndGlobalSection
	GlobalSection(ExtensibilityGlobals) = postSolution
		SolutionGuid = {16FB67E6-FD9C-406C-A168-6B8CF8912319}
	EndGlobalSection
EndGlobal
